
Microsoft Visual Studio Solution File, Format Version 12.00
# Visual Studio Version 17
VisualStudioVersion = 17.3.32922.545
MinimumVisualStudioVersion = 10.0.40219.1
Project("{FAE04EC0-301F-11D3-BF4B-00C04F79EFBC}") = "MVC_CNMB_V2", "MVC_CNMB_V2\MVC_CNMB_V2.csproj", "{2E86696C-C5A7-425D-8766-410A01450FF3}"
EndProject
Global
	GlobalSection(SolutionConfigurationPlatforms) = preSolution
		Debug|Any CPU = Debug|Any CPU
		Release|Any CPU = Release|Any CPU
	EndGlobalSection
	GlobalSection(ProjectConfigurationPlatforms) = postSolution
		{2E86696C-C5A7-425D-8766-410A01450FF3}.Debug|Any CPU.ActiveCfg = Debug|Any CPU
		{2E86696C-C5A7-425D-8766-410A01450FF3}.Debug|Any CPU.Build.0 = Debug|Any CPU
		{2E86696C-C5A7-425D-8766-410A01450FF3}.Release|Any CPU.ActiveCfg = Release|Any CPU
		{2E86696C-C5A7-425D-8766-410A01450FF3}.Release|Any CPU.Build.0 = Release|Any CPU
	EndGlobalSection
	GlobalSection(SolutionProperties) = preSolution
		HideSolutionNode = FALSE
	EndGlobalSection
	GlobalSection(ExtensibilityGlobals) = postSolution
		SolutionGuid = {E9912870-6CC0-42DA-B8B5-66660F6CC3A3}
	EndGlobalSection
EndGlobal
